{
  "name": "spotify-stats",
  "lockfileVersion": 3,
  "requires": true,
  "packages": {
    "": {
      "name": "spotify-stats",
      "dependencies": {
        "@mantine/carousel": "^7.16.1"
      },
      "engines": {
        "node": "20.14.x",
        "npm": "10.7.x"
      }
    },
    "node_modules/@mantine/carousel": {
      "version": "7.16.1",
      "resolved": "https://registry.npmjs.org/@mantine/carousel/-/carousel-7.16.1.tgz",
      "integrity": "sha512-D/UiKnPhb4g4qyw3R+n1MM1FsszjNY7SeHLc2K/7XtQueoCiz4uU5/aA4c0GJBwoQGgvhKzZa77AKMNAa2++QQ==",
      "peerDependencies": {
        "@mantine/core": "7.16.1",
        "@mantine/hooks": "7.16.1",
        "embla-carousel-react": ">=7.0.0",
        "react": "^18.x || ^19.x",
        "react-dom": "^18.x || ^19.x"
      }
    }
  }
}
